
Microsoft Visual Studio Solution File, Format Version 12.00
# Visual Studio Version 17
VisualStudioVersion = 17.12.35707.178 d17.12
MinimumVisualStudioVersion = 10.0.40219.1
Project("{FAE04EC0-301F-11D3-BF4B-00C04F79EFBC}") = "Aska.Technology.Domain", "src\Setur.Contacts.Domain\Setur.Contacts.Domain.csproj", "{B3BFB308-971F-43ED-B6D9-F35B37ADD7CD}"
EndProject
Project("{FAE04EC0-301F-11D3-BF4B-00C04F79EFBC}") = "Aska.Technology.Base", "src\Setur.Contacts.Base\Setur.Contacts.Base.csproj", "{F78F6197-9E5D-477B-B5D5-F7D1EA32CA30}"
EndProject
Project("{2150E333-8FDC-42A3-9474-1A3956D46DE8}") = "src", "src", "{53C52E40-1A0C-4CD3-A3AD-F0325FDD9F31}"
EndProject
Project("{FAE04EC0-301F-11D3-BF4B-00C04F79EFBC}") = "Setur.Contacts.ContactApi", "src\Setur.Contacts.ContactApi\Setur.Contacts.ContactApi.csproj", "{6C14C88B-7C76-42A6-A0DD-4A9E90AA87EA}"
EndProject
Project("{FAE04EC0-301F-11D3-BF4B-00C04F79EFBC}") = "Setur.Contacts.ReportApi", "src\Setur.Contacts.ReportApi\Setur.Contacts.ReportApi.csproj", "{4E1F2B41-97D9-4856-A46D-AEF4BC9A8420}"
EndProject
Project("{FAE04EC0-301F-11D3-BF4B-00C04F79EFBC}") = "Setur.Contacts.MessageBus", "src\Setur.Contacts.MessageBus\Setur.Contacts.MessageBus.csproj", "{ECF7D066-A1B1-4867-8BA8-C0DCE3960982}"
EndProject
Project("{FAE04EC0-301F-11D3-BF4B-00C04F79EFBC}") = "Setur.Contacts.BlazorApp", "src\Setur.Contacts.BlazorApp\Setur.Contacts.BlazorApp.csproj", "{97EA34B5-1B41-423D-AB4D-C12F701E6AED}"
EndProject
Global
	GlobalSection(SolutionConfigurationPlatforms) = preSolution
		Debug|Any CPU = Debug|Any CPU
		Release|Any CPU = Release|Any CPU
	EndGlobalSection
	GlobalSection(ProjectConfigurationPlatforms) = postSolution
		{B3BFB308-971F-43ED-B6D9-F35B37ADD7CD}.Debug|Any CPU.ActiveCfg = Debug|Any CPU
		{B3BFB308-971F-43ED-B6D9-F35B37ADD7CD}.Debug|Any CPU.Build.0 = Debug|Any CPU
		{B3BFB308-971F-43ED-B6D9-F35B37ADD7CD}.Release|Any CPU.ActiveCfg = Release|Any CPU
		{B3BFB308-971F-43ED-B6D9-F35B37ADD7CD}.Release|Any CPU.Build.0 = Release|Any CPU
		{F78F6197-9E5D-477B-B5D5-F7D1EA32CA30}.Debug|Any CPU.ActiveCfg = Debug|Any CPU
		{F78F6197-9E5D-477B-B5D5-F7D1EA32CA30}.Debug|Any CPU.Build.0 = Debug|Any CPU
		{F78F6197-9E5D-477B-B5D5-F7D1EA32CA30}.Release|Any CPU.ActiveCfg = Release|Any CPU
		{F78F6197-9E5D-477B-B5D5-F7D1EA32CA30}.Release|Any CPU.Build.0 = Release|Any CPU
		{6C14C88B-7C76-42A6-A0DD-4A9E90AA87EA}.Debug|Any CPU.ActiveCfg = Debug|Any CPU
		{6C14C88B-7C76-42A6-A0DD-4A9E90AA87EA}.Debug|Any CPU.Build.0 = Debug|Any CPU
		{6C14C88B-7C76-42A6-A0DD-4A9E90AA87EA}.Release|Any CPU.ActiveCfg = Release|Any CPU
		{6C14C88B-7C76-42A6-A0DD-4A9E90AA87EA}.Release|Any CPU.Build.0 = Release|Any CPU
		{4E1F2B41-97D9-4856-A46D-AEF4BC9A8420}.Debug|Any CPU.ActiveCfg = Debug|Any CPU
		{4E1F2B41-97D9-4856-A46D-AEF4BC9A8420}.Debug|Any CPU.Build.0 = Debug|Any CPU
		{4E1F2B41-97D9-4856-A46D-AEF4BC9A8420}.Release|Any CPU.ActiveCfg = Release|Any CPU
		{4E1F2B41-97D9-4856-A46D-AEF4BC9A8420}.Release|Any CPU.Build.0 = Release|Any CPU
		{ECF7D066-A1B1-4867-8BA8-C0DCE3960982}.Debug|Any CPU.ActiveCfg = Debug|Any CPU
		{ECF7D066-A1B1-4867-8BA8-C0DCE3960982}.Debug|Any CPU.Build.0 = Debug|Any CPU
		{ECF7D066-A1B1-4867-8BA8-C0DCE3960982}.Release|Any CPU.ActiveCfg = Release|Any CPU
		{ECF7D066-A1B1-4867-8BA8-C0DCE3960982}.Release|Any CPU.Build.0 = Release|Any CPU
		{97EA34B5-1B41-423D-AB4D-C12F701E6AED}.Debug|Any CPU.ActiveCfg = Debug|Any CPU
		{97EA34B5-1B41-423D-AB4D-C12F701E6AED}.Debug|Any CPU.Build.0 = Debug|Any CPU
		{97EA34B5-1B41-423D-AB4D-C12F701E6AED}.Release|Any CPU.ActiveCfg = Release|Any CPU
		{97EA34B5-1B41-423D-AB4D-C12F701E6AED}.Release|Any CPU.Build.0 = Release|Any CPU
	EndGlobalSection
	GlobalSection(SolutionProperties) = preSolution
		HideSolutionNode = FALSE
	EndGlobalSection
	GlobalSection(NestedProjects) = preSolution
		{B3BFB308-971F-43ED-B6D9-F35B37ADD7CD} = {53C52E40-1A0C-4CD3-A3AD-F0325FDD9F31}
		{F78F6197-9E5D-477B-B5D5-F7D1EA32CA30} = {53C52E40-1A0C-4CD3-A3AD-F0325FDD9F31}
		{6C14C88B-7C76-42A6-A0DD-4A9E90AA87EA} = {53C52E40-1A0C-4CD3-A3AD-F0325FDD9F31}
		{4E1F2B41-97D9-4856-A46D-AEF4BC9A8420} = {53C52E40-1A0C-4CD3-A3AD-F0325FDD9F31}
		{ECF7D066-A1B1-4867-8BA8-C0DCE3960982} = {53C52E40-1A0C-4CD3-A3AD-F0325FDD9F31}
		{97EA34B5-1B41-423D-AB4D-C12F701E6AED} = {53C52E40-1A0C-4CD3-A3AD-F0325FDD9F31}
	EndGlobalSection
EndGlobal
